
Microsoft Visual Studio Solution File, Format Version 12.00
# Visual Studio Version 17
VisualStudioVersion = 17.5.002.0
MinimumVisualStudioVersion = 10.0.40219.1
Project("{9A19103F-16F7-4668-BE54-9A1E7A4F7556}") = "GameStore.API", "GameStore.API.csproj", "{F7DD064E-A225-49F4-8A11-732F36A830AD}"
EndProject
Global
	GlobalSection(SolutionConfigurationPlatforms) = preSolution
		Debug|Any CPU = Debug|Any CPU
		Release|Any CPU = Release|Any CPU
	EndGlobalSection
	GlobalSection(ProjectConfigurationPlatforms) = postSolution
		{F7DD064E-A225-49F4-8A11-732F36A830AD}.Debug|Any CPU.ActiveCfg = Debug|Any CPU
		{F7DD064E-A225-49F4-8A11-732F36A830AD}.Debug|Any CPU.Build.0 = Debug|Any CPU
		{F7DD064E-A225-49F4-8A11-732F36A830AD}.Release|Any CPU.ActiveCfg = Release|Any CPU
		{F7DD064E-A225-49F4-8A11-732F36A830AD}.Release|Any CPU.Build.0 = Release|Any CPU
	EndGlobalSection
	GlobalSection(SolutionProperties) = preSolution
		HideSolutionNode = FALSE
	EndGlobalSection
	GlobalSection(ExtensibilityGlobals) = postSolution
		SolutionGuid = {79AB4575-DD20-49E8-9C46-94A0E66C1D0C}
	EndGlobalSection
EndGlobal
